{
  "name": "src",
  "requires": true,
  "lockfileVersion": 1,
  "dependencies": {
    "@crowdlinker/react-native-pager": {
      "version": "0.2.3",
      "resolved": "https://registry.npmjs.org/@crowdlinker/react-native-pager/-/react-native-pager-0.2.3.tgz",
      "integrity": "sha512-9/P0DsaWcW9muXal2VewRWugHBZG6ZRbIfO9hxy5hq2DMA74qMv8VL4IXXGyfcR+4DlV3WuaPjEqs+8RkNlRkA=="
    },
    "react-native-device-info": {
      "version": "6.0.2",
      "resolved": "https://registry.npmjs.org/react-native-device-info/-/react-native-device-info-6.0.2.tgz",
      "integrity": "sha512-Kx6ozWKkiPPvRhZDIL5jQ8zEZLlRT8hTovTaV+NgDc0tM+slBEnuEIgn0FXArHudO0qq2r+VDs4pUwMf6csGPg=="
    }
  }
}
